
Microsoft Visual Studio Solution File, Format Version 12.00
Project("{2150E333-8FDC-42A3-9474-1A3956D46DE8}") = "src", "src", "{A6B35D48-0A23-433E-B806-4888CE9BDCB5}"
EndProject
Project("{2150E333-8FDC-42A3-9474-1A3956D46DE8}") = "tests", "tests", "{64A61B4F-E3CA-41ED-9DDE-13D701B47514}"
EndProject
Project("{2150E333-8FDC-42A3-9474-1A3956D46DE8}") = "Backend", "Backend", "{7CFB3BCE-EB21-4099-9A24-0D978CDC3CAE}"
EndProject
Project("{2150E333-8FDC-42A3-9474-1A3956D46DE8}") = "Shared", "Shared", "{06C380BC-F868-41DD-B7B9-A842C8895CC6}"
EndProject
Project("{2150E333-8FDC-42A3-9474-1A3956D46DE8}") = "Mobile", "Mobile", "{03E8E214-E9B9-4110-96E6-EA11D470AC6B}"
EndProject
Project("{FAE04EC0-301F-11D3-BF4B-00C04F79EFBC}") = "MyRecipeBook.API", "src\Backend\MyRecipeBook.API\MyRecipeBook.API.csproj", "{C7693247-DB66-42C3-8EE0-97CD73FA6C1A}"
EndProject
Project("{FAE04EC0-301F-11D3-BF4B-00C04F79EFBC}") = "MyRecipeBook.Application", "src\Backend\MyRecipeBook.Application\MyRecipeBook.Application.csproj", "{4FD5C61C-2F77-4E93-B5FF-1083D0693193}"
EndProject
Project("{FAE04EC0-301F-11D3-BF4B-00C04F79EFBC}") = "MyRecipeBook.Domain", "src\Backend\MyRecipeBook.Domain\MyRecipeBook.Domain.csproj", "{D3D4C298-E3CE-4BAF-8C81-2F33E493721A}"
EndProject
Project("{FAE04EC0-301F-11D3-BF4B-00C04F79EFBC}") = "MyRecipeBook.Infrastructure", "src\Backend\MyRecipeBook.Infrastructure\MyRecipeBook.Infrastructure.csproj", "{68FA43AF-700C-4456-8035-E70774652F8F}"
EndProject
Project("{FAE04EC0-301F-11D3-BF4B-00C04F79EFBC}") = "MyRecipeBook.Communication", "src\Shared\MyRecipeBook.Communication\MyRecipeBook.Communication.csproj", "{CF0DFE6B-1C14-4633-B2C3-E95F64942A0B}"
EndProject
Project("{FAE04EC0-301F-11D3-BF4B-00C04F79EFBC}") = "MyRecipeBook.Exceptions", "src\Shared\MyRecipeBook.Exceptions\MyRecipeBook.Exceptions.csproj", "{BE18E7B5-237D-446C-9877-7583EB488DF4}"
EndProject
Global
	GlobalSection(SolutionConfigurationPlatforms) = preSolution
		Debug|Any CPU = Debug|Any CPU
		Release|Any CPU = Release|Any CPU
	EndGlobalSection
	GlobalSection(NestedProjects) = preSolution
		{7CFB3BCE-EB21-4099-9A24-0D978CDC3CAE} = {A6B35D48-0A23-433E-B806-4888CE9BDCB5}
		{06C380BC-F868-41DD-B7B9-A842C8895CC6} = {A6B35D48-0A23-433E-B806-4888CE9BDCB5}
		{03E8E214-E9B9-4110-96E6-EA11D470AC6B} = {A6B35D48-0A23-433E-B806-4888CE9BDCB5}
		{C7693247-DB66-42C3-8EE0-97CD73FA6C1A} = {7CFB3BCE-EB21-4099-9A24-0D978CDC3CAE}
		{4FD5C61C-2F77-4E93-B5FF-1083D0693193} = {7CFB3BCE-EB21-4099-9A24-0D978CDC3CAE}
		{D3D4C298-E3CE-4BAF-8C81-2F33E493721A} = {7CFB3BCE-EB21-4099-9A24-0D978CDC3CAE}
		{68FA43AF-700C-4456-8035-E70774652F8F} = {7CFB3BCE-EB21-4099-9A24-0D978CDC3CAE}
		{CF0DFE6B-1C14-4633-B2C3-E95F64942A0B} = {06C380BC-F868-41DD-B7B9-A842C8895CC6}
		{BE18E7B5-237D-446C-9877-7583EB488DF4} = {06C380BC-F868-41DD-B7B9-A842C8895CC6}
	EndGlobalSection
	GlobalSection(ProjectConfigurationPlatforms) = postSolution
		{C7693247-DB66-42C3-8EE0-97CD73FA6C1A}.Debug|Any CPU.ActiveCfg = Debug|Any CPU
		{C7693247-DB66-42C3-8EE0-97CD73FA6C1A}.Debug|Any CPU.Build.0 = Debug|Any CPU
		{C7693247-DB66-42C3-8EE0-97CD73FA6C1A}.Release|Any CPU.ActiveCfg = Release|Any CPU
		{C7693247-DB66-42C3-8EE0-97CD73FA6C1A}.Release|Any CPU.Build.0 = Release|Any CPU
		{4FD5C61C-2F77-4E93-B5FF-1083D0693193}.Debug|Any CPU.ActiveCfg = Debug|Any CPU
		{4FD5C61C-2F77-4E93-B5FF-1083D0693193}.Debug|Any CPU.Build.0 = Debug|Any CPU
		{4FD5C61C-2F77-4E93-B5FF-1083D0693193}.Release|Any CPU.ActiveCfg = Release|Any CPU
		{4FD5C61C-2F77-4E93-B5FF-1083D0693193}.Release|Any CPU.Build.0 = Release|Any CPU
		{D3D4C298-E3CE-4BAF-8C81-2F33E493721A}.Debug|Any CPU.ActiveCfg = Debug|Any CPU
		{D3D4C298-E3CE-4BAF-8C81-2F33E493721A}.Debug|Any CPU.Build.0 = Debug|Any CPU
		{D3D4C298-E3CE-4BAF-8C81-2F33E493721A}.Release|Any CPU.ActiveCfg = Release|Any CPU
		{D3D4C298-E3CE-4BAF-8C81-2F33E493721A}.Release|Any CPU.Build.0 = Release|Any CPU
		{68FA43AF-700C-4456-8035-E70774652F8F}.Debug|Any CPU.ActiveCfg = Debug|Any CPU
		{68FA43AF-700C-4456-8035-E70774652F8F}.Debug|Any CPU.Build.0 = Debug|Any CPU
		{68FA43AF-700C-4456-8035-E70774652F8F}.Release|Any CPU.ActiveCfg = Release|Any CPU
		{68FA43AF-700C-4456-8035-E70774652F8F}.Release|Any CPU.Build.0 = Release|Any CPU
		{CF0DFE6B-1C14-4633-B2C3-E95F64942A0B}.Debug|Any CPU.ActiveCfg = Debug|Any CPU
		{CF0DFE6B-1C14-4633-B2C3-E95F64942A0B}.Debug|Any CPU.Build.0 = Debug|Any CPU
		{CF0DFE6B-1C14-4633-B2C3-E95F64942A0B}.Release|Any CPU.ActiveCfg = Release|Any CPU
		{CF0DFE6B-1C14-4633-B2C3-E95F64942A0B}.Release|Any CPU.Build.0 = Release|Any CPU
		{BE18E7B5-237D-446C-9877-7583EB488DF4}.Debug|Any CPU.ActiveCfg = Debug|Any CPU
		{BE18E7B5-237D-446C-9877-7583EB488DF4}.Debug|Any CPU.Build.0 = Debug|Any CPU
		{BE18E7B5-237D-446C-9877-7583EB488DF4}.Release|Any CPU.ActiveCfg = Release|Any CPU
		{BE18E7B5-237D-446C-9877-7583EB488DF4}.Release|Any CPU.Build.0 = Release|Any CPU
	EndGlobalSection
EndGlobal
